// !$*UTF8*$!
{
	archiveVersion = 1;
	classes = {
	};
	objectVersion = 55;
	objects = {

/* Begin PBXBuildFile section */
		7287172C28EB4B0700BD3AC0 /* MeetPeopleApp.swift in Sources */ = {isa = PBXBuildFile; fileRef = 7287172B28EB4B0700BD3AC0 /* MeetPeopleApp.swift */; };
		7287172E28EB4B0700BD3AC0 /* ContentView.swift in Sources */ = {isa = PBXBuildFile; fileRef = 7287172D28EB4B0700BD3AC0 /* ContentView.swift */; };
		7287173028EB4B0900BD3AC0 /* Assets.xcassets in Resources */ = {isa = PBXBuildFile; fileRef = 7287172F28EB4B0900BD3AC0 /* Assets.xcassets */; };
		7287173328EB4B0900BD3AC0 /* Preview Assets.xcassets in Resources */ = {isa = PBXBuildFile; fileRef = 7287173228EB4B0900BD3AC0 /* Preview Assets.xcassets */; };
		729B7FAD28EC6FB5005ABB8C /* NetworkManager.swift in Sources */ = {isa = PBXBuildFile; fileRef = 729B7FAC28EC6FB5005ABB8C /* NetworkManager.swift */; };
		72BAD27228EE477B00C85DC9 /* MeetPeopleAPI.swift in Sources */ = {isa = PBXBuildFile; fileRef = 72BAD27128EE477B00C85DC9 /* MeetPeopleAPI.swift */; };
		72BAD27428EE47CF00C85DC9 /* MeetPeopleNetworking.swift in Sources */ = {isa = PBXBuildFile; fileRef = 72BAD27328EE47CF00C85DC9 /* MeetPeopleNetworking.swift */; };
		72BAD27628EE494700C85DC9 /* MeetPeopleAPIEndpoint.swift in Sources */ = {isa = PBXBuildFile; fileRef = 72BAD27528EE494700C85DC9 /* MeetPeopleAPIEndpoint.swift */; };
		72BAD27828EE66DB00C85DC9 /* NetworkError.swift in Sources */ = {isa = PBXBuildFile; fileRef = 72BAD27728EE66DB00C85DC9 /* NetworkError.swift */; };
		72BAD27A28EE6C1200C85DC9 /* MeetPeopleViewModel.swift in Sources */ = {isa = PBXBuildFile; fileRef = 72BAD27928EE6C1200C85DC9 /* MeetPeopleViewModel.swift */; };
		72BAD27D28EE785800C85DC9 /* TextFieldWithErrorHandler.swift in Sources */ = {isa = PBXBuildFile; fileRef = 72BAD27C28EE785800C85DC9 /* TextFieldWithErrorHandler.swift */; };
		72BAD27F28EE842300C85DC9 /* SecuredFieldWithErrorHandler.swift in Sources */ = {isa = PBXBuildFile; fileRef = 72BAD27E28EE842300C85DC9 /* SecuredFieldWithErrorHandler.swift */; };
		72C3730A28EF507800190C83 /* StringUtils.swift in Sources */ = {isa = PBXBuildFile; fileRef = 72C3730928EF507800190C83 /* StringUtils.swift */; };
/* End PBXBuildFile section */

/* Begin PBXFileReference section */
		7287172828EB4B0700BD3AC0 /* MeetPeople.app */ = {isa = PBXFileReference; explicitFileType = wrapper.application; includeInIndex = 0; path = MeetPeople.app; sourceTree = BUILT_PRODUCTS_DIR; };
		7287172B28EB4B0700BD3AC0 /* MeetPeopleApp.swift */ = {isa = PBXFileReference; lastKnownFileType = sourcecode.swift; path = MeetPeopleApp.swift; sourceTree = "<group>"; };
		7287172D28EB4B0700BD3AC0 /* ContentView.swift */ = {isa = PBXFileReference; lastKnownFileType = sourcecode.swift; path = ContentView.swift; sourceTree = "<group>"; };
		7287172F28EB4B0900BD3AC0 /* Assets.xcassets */ = {isa = PBXFileReference; lastKnownFileType = folder.assetcatalog; path = Assets.xcassets; sourceTree = "<group>"; };
		7287173228EB4B0900BD3AC0 /* Preview Assets.xcassets */ = {isa = PBXFileReference; lastKnownFileType = folder.assetcatalog; path = "Preview Assets.xcassets"; sourceTree = "<group>"; };
		729B7FAC28EC6FB5005ABB8C /* NetworkManager.swift */ = {isa = PBXFileReference; lastKnownFileType = sourcecode.swift; path = NetworkManager.swift; sourceTree = "<group>"; };
		72BAD27128EE477B00C85DC9 /* MeetPeopleAPI.swift */ = {isa = PBXFileReference; lastKnownFileType = sourcecode.swift; path = MeetPeopleAPI.swift; sourceTree = "<group>"; };
		72BAD27328EE47CF00C85DC9 /* MeetPeopleNetworking.swift */ = {isa = PBXFileReference; lastKnownFileType = sourcecode.swift; path = MeetPeopleNetworking.swift; sourceTree = "<group>"; };
		72BAD27528EE494700C85DC9 /* MeetPeopleAPIEndpoint.swift */ = {isa = PBXFileReference; lastKnownFileType = sourcecode.swift; path = MeetPeopleAPIEndpoint.swift; sourceTree = "<group>"; };
		72BAD27728EE66DB00C85DC9 /* NetworkError.swift */ = {isa = PBXFileReference; lastKnownFileType = sourcecode.swift; path = NetworkError.swift; sourceTree = "<group>"; };
		72BAD27928EE6C1200C85DC9 /* MeetPeopleViewModel.swift */ = {isa = PBXFileReference; lastKnownFileType = sourcecode.swift; path = MeetPeopleViewModel.swift; sourceTree = "<group>"; };
		72BAD27C28EE785800C85DC9 /* TextFieldWithErrorHandler.swift */ = {isa = PBXFileReference; lastKnownFileType = sourcecode.swift; path = TextFieldWithErrorHandler.swift; sourceTree = "<group>"; };
		72BAD27E28EE842300C85DC9 /* SecuredFieldWithErrorHandler.swift */ = {isa = PBXFileReference; lastKnownFileType = sourcecode.swift; path = SecuredFieldWithErrorHandler.swift; sourceTree = "<group>"; };
		72C3730928EF507800190C83 /* StringUtils.swift */ = {isa = PBXFileReference; lastKnownFileType = sourcecode.swift; path = StringUtils.swift; sourceTree = "<group>"; };
/* End PBXFileReference section */

/* Begin PBXFrameworksBuildPhase section */
		7287172528EB4B0700BD3AC0 /* Frameworks */ = {
			isa = PBXFrameworksBuildPhase;
			buildActionMask = 2147483647;
			files = (
			);
			runOnlyForDeploymentPostprocessing = 0;
		};
/* End PBXFrameworksBuildPhase section */

/* Begin PBXGroup section */
		7287171F28EB4B0600BD3AC0 = {
			isa = PBXGroup;
			children = (
				7287172A28EB4B0700BD3AC0 /* MeetPeople */,
				7287172928EB4B0700BD3AC0 /* Products */,
			);
			sourceTree = "<group>";
		};
		7287172928EB4B0700BD3AC0 /* Products */ = {
			isa = PBXGroup;
			children = (
				7287172828EB4B0700BD3AC0 /* MeetPeople.app */,
			);
			name = Products;
			sourceTree = "<group>";
		};
		7287172A28EB4B0700BD3AC0 /* MeetPeople */ = {
			isa = PBXGroup;
			children = (
				72BAD27B28EE782000C85DC9 /* Extensions */,
				7287172B28EB4B0700BD3AC0 /* MeetPeopleApp.swift */,
				7287172D28EB4B0700BD3AC0 /* ContentView.swift */,
				7287172F28EB4B0900BD3AC0 /* Assets.xcassets */,
				7287173128EB4B0900BD3AC0 /* Preview Content */,
				729B7FAC28EC6FB5005ABB8C /* NetworkManager.swift */,
				72BAD27128EE477B00C85DC9 /* MeetPeopleAPI.swift */,
				72BAD27328EE47CF00C85DC9 /* MeetPeopleNetworking.swift */,
				72BAD27528EE494700C85DC9 /* MeetPeopleAPIEndpoint.swift */,
				72BAD27728EE66DB00C85DC9 /* NetworkError.swift */,
				72BAD27928EE6C1200C85DC9 /* MeetPeopleViewModel.swift */,
			);
			path = MeetPeople;
			sourceTree = "<group>";
		};
		7287173128EB4B0900BD3AC0 /* Preview Content */ = {
			isa = PBXGroup;
			children = (
				7287173228EB4B0900BD3AC0 /* Preview Assets.xcassets */,
			);
			path = "Preview Content";
			sourceTree = "<group>";
		};
		72BAD27B28EE782000C85DC9 /* Extensions */ = {
			isa = PBXGroup;
			children = (
				72BAD27C28EE785800C85DC9 /* TextFieldWithErrorHandler.swift */,
				72BAD27E28EE842300C85DC9 /* SecuredFieldWithErrorHandler.swift */,
				72C3730928EF507800190C83 /* StringUtils.swift */,
			);
			path = Extensions;
			sourceTree = "<group>";
		};
/* End PBXGroup section */

/* Begin PBXNativeTarget section */
		7287172728EB4B0700BD3AC0 /* MeetPeople */ = {
			isa = PBXNativeTarget;
			buildConfigurationList = 7287173628EB4B0900BD3AC0 /* Build configuration list for PBXNativeTarget "MeetPeople" */;
			buildPhases = (
				7287172428EB4B0700BD3AC0 /* Sources */,
				7287172528EB4B0700BD3AC0 /* Frameworks */,
				7287172628EB4B0700BD3AC0 /* Resources */,
			);
			buildRules = (
			);
			dependencies = (
			);
			name = MeetPeople;
			productName = MeetPeople;
			productReference = 7287172828EB4B0700BD3AC0 /* MeetPeople.app */;
			productType = "com.apple.product-type.application";
		};
/* End PBXNativeTarget section */

/* Begin PBXProject section */
		7287172028EB4B0600BD3AC0 /* Project object */ = {
			isa = PBXProject;
			attributes = {
				BuildIndependentTargetsInParallel = 1;
				LastSwiftUpdateCheck = 1340;
				LastUpgradeCheck = 1340;
				TargetAttributes = {
					7287172728EB4B0700BD3AC0 = {
						CreatedOnToolsVersion = 13.4.1;
					};
				};
			};
			buildConfigurationList = 7287172328EB4B0600BD3AC0 /* Build configuration list for PBXProject "MeetPeople" */;
			compatibilityVersion = "Xcode 13.0";
			developmentRegion = en;
			hasScannedForEncodings = 0;
			knownRegions = (
				en,
				Base,
			);
			mainGroup = 7287171F28EB4B0600BD3AC0;
			productRefGroup = 7287172928EB4B0700BD3AC0 /* Products */;
			projectDirPath = "";
			projectRoot = "";
			targets = (
				7287172728EB4B0700BD3AC0 /* MeetPeople */,
			);
		};
/* End PBXProject section */

/* Begin PBXResourcesBuildPhase section */
		7287172628EB4B0700BD3AC0 /* Resources */ = {
			isa = PBXResourcesBuildPhase;
			buildActionMask = 2147483647;
			files = (
				7287173328EB4B0900BD3AC0 /* Preview Assets.xcassets in Resources */,
				7287173028EB4B0900BD3AC0 /* Assets.xcassets in Resources */,
			);
			runOnlyForDeploymentPostprocessing = 0;
		};
/* End PBXResourcesBuildPhase section */

/* Begin PBXSourcesBuildPhase section */
		7287172428EB4B0700BD3AC0 /* Sources */ = {
			isa = PBXSourcesBuildPhase;
			buildActionMask = 2147483647;
			files = (
				72BAD27A28EE6C1200C85DC9 /* MeetPeopleViewModel.swift in Sources */,
				729B7FAD28EC6FB5005ABB8C /* NetworkManager.swift in Sources */,
				72BAD27828EE66DB00C85DC9 /* NetworkError.swift in Sources */,
				7287172E28EB4B0700BD3AC0 /* ContentView.swift in Sources */,
				72BAD27228EE477B00C85DC9 /* MeetPeopleAPI.swift in Sources */,
				72BAD27F28EE842300C85DC9 /* SecuredFieldWithErrorHandler.swift in Sources */,
				72BAD27D28EE785800C85DC9 /* TextFieldWithErrorHandler.swift in Sources */,
				72BAD27428EE47CF00C85DC9 /* MeetPeopleNetworking.swift in Sources */,
				72C3730A28EF507800190C83 /* StringUtils.swift in Sources */,
				72BAD27628EE494700C85DC9 /* MeetPeopleAPIEndpoint.swift in Sources */,
				7287172C28EB4B0700BD3AC0 /* MeetPeopleApp.swift in Sources */,
			);
			runOnlyForDeploymentPostprocessing = 0;
		};
/* End PBXSourcesBuildPhase section */

/* Begin XCBuildConfiguration section */
		7287173428EB4B0900BD3AC0 /* Debug */ = {
			isa = XCBuildConfiguration;
			buildSettings = {
				ALWAYS_SEARCH_USER_PATHS = NO;
				CLANG_ANALYZER_NONNULL = YES;
				CLANG_ANALYZER_NUMBER_OBJECT_CONVERSION = YES_AGGRESSIVE;
				CLANG_CXX_LANGUAGE_STANDARD = "gnu++17";
				CLANG_ENABLE_MODULES = YES;
				CLANG_ENABLE_OBJC_ARC = YES;
				CLANG_ENABLE_OBJC_WEAK = YES;
				CLANG_WARN_BLOCK_CAPTURE_AUTORELEASING = YES;
				CLANG_WARN_BOOL_CONVERSION = YES;
				CLANG_WARN_COMMA = YES;
				CLANG_WARN_CONSTANT_CONVERSION = YES;
				CLANG_WARN_DEPRECATED_OBJC_IMPLEMENTATIONS = YES;
				CLANG_WARN_DIRECT_OBJC_ISA_USAGE = YES_ERROR;
				CLANG_WARN_DOCUMENTATION_COMMENTS = YES;
				CLANG_WARN_EMPTY_BODY = YES;
				CLANG_WARN_ENUM_CONVERSION = YES;
				CLANG_WARN_INFINITE_RECURSION = YES;
				CLANG_WARN_INT_CONVERSION = YES;
				CLANG_WARN_NON_LITERAL_NULL_CONVERSION = YES;
				CLANG_WARN_OBJC_IMPLICIT_RETAIN_SELF = YES;
				CLANG_WARN_OBJC_LITERAL_CONVERSION = YES;
				CLANG_WARN_OBJC_ROOT_CLASS = YES_ERROR;
				CLANG_WARN_QUOTED_INCLUDE_IN_FRAMEWORK_HEADER = YES;
				CLANG_WARN_RANGE_LOOP_ANALYSIS = YES;
				CLANG_WARN_STRICT_PROTOTYPES = YES;
				CLANG_WARN_SUSPICIOUS_MOVE = YES;
				CLANG_WARN_UNGUARDED_AVAILABILITY = YES_AGGRESSIVE;
				CLANG_WARN_UNREACHABLE_CODE = YES;
				CLANG_WARN__DUPLICATE_METHOD_MATCH = YES;
				COPY_PHASE_STRIP = NO;
				DEBUG_INFORMATION_FORMAT = dwarf;
				ENABLE_STRICT_OBJC_MSGSEND = YES;
				ENABLE_TESTABILITY = YES;
				GCC_C_LANGUAGE_STANDARD = gnu11;
				GCC_DYNAMIC_NO_PIC = NO;
				GCC_NO_COMMON_BLOCKS = YES;
				GCC_OPTIMIZATION_LEVEL = 0;
				GCC_PREPROCESSOR_DEFINITIONS = (
					"DEBUG=1",
					"$(inherited)",
				);
				GCC_WARN_64_TO_32_BIT_CONVERSION = YES;
				GCC_WARN_ABOUT_RETURN_TYPE = YES_ERROR;
				GCC_WARN_UNDECLARED_SELECTOR = YES;
				GCC_WARN_UNINITIALIZED_AUTOS = YES_AGGRESSIVE;
				GCC_WARN_UNUSED_FUNCTION = YES;
				GCC_WARN_UNUSED_VARIABLE = YES;
				IPHONEOS_DEPLOYMENT_TARGET = 15.5;
				MTL_ENABLE_DEBUG_INFO = INCLUDE_SOURCE;
				MTL_FAST_MATH = YES;
				ONLY_ACTIVE_ARCH = YES;
				SDKROOT = iphoneos;
				SWIFT_ACTIVE_COMPILATION_CONDITIONS = DEBUG;
				SWIFT_OPTIMIZATION_LEVEL = "-Onone";
			};
			name = Debug;
		};
		7287173528EB4B0900BD3AC0 /* Release */ = {
			isa = XCBuildConfiguration;
			buildSettings = {
				ALWAYS_SEARCH_USER_PATHS = NO;
				CLANG_ANALYZER_NONNULL = YES;
				CLANG_ANALYZER_NUMBER_OBJECT_CONVERSION = YES_AGGRESSIVE;
				CLANG_CXX_LANGUAGE_STANDARD = "gnu++17";
				CLANG_ENABLE_MODULES = YES;
				CLANG_ENABLE_OBJC_ARC = YES;
				CLANG_ENABLE_OBJC_WEAK = YES;
				CLANG_WARN_BLOCK_CAPTURE_AUTORELEASING = YES;
				CLANG_WARN_BOOL_CONVERSION = YES;
				CLANG_WARN_COMMA = YES;
				CLANG_WARN_CONSTANT_CONVERSION = YES;
				CLANG_WARN_DEPRECATED_OBJC_IMPLEMENTATIONS = YES;
				CLANG_WARN_DIRECT_OBJC_ISA_USAGE = YES_ERROR;
				CLANG_WARN_DOCUMENTATION_COMMENTS = YES;
				CLANG_WARN_EMPTY_BODY = YES;
				CLANG_WARN_ENUM_CONVERSION = YES;
				CLANG_WARN_INFINITE_RECURSION = YES;
				CLANG_WARN_INT_CONVERSION = YES;
				CLANG_WARN_NON_LITERAL_NULL_CONVERSION = YES;
				CLANG_WARN_OBJC_IMPLICIT_RETAIN_SELF = YES;
				CLANG_WARN_OBJC_LITERAL_CONVERSION = YES;
				CLANG_WARN_OBJC_ROOT_CLASS = YES_ERROR;
				CLANG_WARN_QUOTED_INCLUDE_IN_FRAMEWORK_HEADER = YES;
				CLANG_WARN_RANGE_LOOP_ANALYSIS = YES;
				CLANG_WARN_STRICT_PROTOTYPES = YES;
				CLANG_WARN_SUSPICIOUS_MOVE = YES;
				CLANG_WARN_UNGUARDED_AVAILABILITY = YES_AGGRESSIVE;
				CLANG_WARN_UNREACHABLE_CODE = YES;
				CLANG_WARN__DUPLICATE_METHOD_MATCH = YES;
				COPY_PHASE_STRIP = NO;
				DEBUG_INFORMATION_FORMAT = "dwarf-with-dsym";
				ENABLE_NS_ASSERTIONS = NO;
				ENABLE_STRICT_OBJC_MSGSEND = YES;
				GCC_C_LANGUAGE_STANDARD = gnu11;
				GCC_NO_COMMON_BLOCKS = YES;
				GCC_WARN_64_TO_32_BIT_CONVERSION = YES;
				GCC_WARN_ABOUT_RETURN_TYPE = YES_ERROR;
				GCC_WARN_UNDECLARED_SELECTOR = YES;
				GCC_WARN_UNINITIALIZED_AUTOS = YES_AGGRESSIVE;
				GCC_WARN_UNUSED_FUNCTION = YES;
				GCC_WARN_UNUSED_VARIABLE = YES;
				IPHONEOS_DEPLOYMENT_TARGET = 15.5;
				MTL_ENABLE_DEBUG_INFO = NO;
				MTL_FAST_MATH = YES;
				SDKROOT = iphoneos;
				SWIFT_COMPILATION_MODE = wholemodule;
				SWIFT_OPTIMIZATION_LEVEL = "-O";
				VALIDATE_PRODUCT = YES;
			};
			name = Release;
		};
		7287173728EB4B0900BD3AC0 /* Debug */ = {
			isa = XCBuildConfiguration;
			buildSettings = {
				ASSETCATALOG_COMPILER_APPICON_NAME = AppIcon;
				ASSETCATALOG_COMPILER_GLOBAL_ACCENT_COLOR_NAME = AccentColor;
				CODE_SIGN_STYLE = Automatic;
				CURRENT_PROJECT_VERSION = 1;
				DEVELOPMENT_ASSET_PATHS = "\"MeetPeople/Preview Content\"";
				DEVELOPMENT_TEAM = NHDBVA4HXP;
				ENABLE_PREVIEWS = YES;
				GENERATE_INFOPLIST_FILE = YES;
				INFOPLIST_KEY_UIApplicationSceneManifest_Generation = YES;
				INFOPLIST_KEY_UIApplicationSupportsIndirectInputEvents = YES;
				INFOPLIST_KEY_UILaunchScreen_Generation = YES;
				INFOPLIST_KEY_UISupportedInterfaceOrientations_iPad = "UIInterfaceOrientationPortrait UIInterfaceOrientationPortraitUpsideDown UIInterfaceOrientationLandscapeLeft UIInterfaceOrientationLandscapeRight";
				INFOPLIST_KEY_UISupportedInterfaceOrientations_iPhone = "UIInterfaceOrientationPortrait UIInterfaceOrientationLandscapeLeft UIInterfaceOrientationLandscapeRight";
				LD_RUNPATH_SEARCH_PATHS = (
					"$(inherited)",
					"@executable_path/Frameworks",
				);
				MARKETING_VERSION = 1.0;
				PRODUCT_BUNDLE_IDENTIFIER = app.profk.MeetPeople;
				PRODUCT_NAME = "$(TARGET_NAME)";
				SWIFT_EMIT_LOC_STRINGS = YES;
				SWIFT_VERSION = 5.0;
				TARGETED_DEVICE_FAMILY = "1,2";
			};
			name = Debug;
		};
		7287173828EB4B0900BD3AC0 /* Release */ = {
			isa = XCBuildConfiguration;
			buildSettings = {
				ASSETCATALOG_COMPILER_APPICON_NAME = AppIcon;
				ASSETCATALOG_COMPILER_GLOBAL_ACCENT_COLOR_NAME = AccentColor;
				CODE_SIGN_STYLE = Automatic;
				CURRENT_PROJECT_VERSION = 1;
				DEVELOPMENT_ASSET_PATHS = "\"MeetPeople/Preview Content\"";
				DEVELOPMENT_TEAM = NHDBVA4HXP;
				ENABLE_PREVIEWS = YES;
				GENERATE_INFOPLIST_FILE = YES;
				INFOPLIST_KEY_UIApplicationSceneManifest_Generation = YES;
				INFOPLIST_KEY_UIApplicationSupportsIndirectInputEvents = YES;
				INFOPLIST_KEY_UILaunchScreen_Generation = YES;
				INFOPLIST_KEY_UISupportedInterfaceOrientations_iPad = "UIInterfaceOrientationPortrait UIInterfaceOrientationPortraitUpsideDown UIInterfaceOrientationLandscapeLeft UIInterfaceOrientationLandscapeRight";
				INFOPLIST_KEY_UISupportedInterfaceOrientations_iPhone = "UIInterfaceOrientationPortrait UIInterfaceOrientationLandscapeLeft UIInterfaceOrientationLandscapeRight";
				LD_RUNPATH_SEARCH_PATHS = (
					"$(inherited)",
					"@executable_path/Frameworks",
				);
				MARKETING_VERSION = 1.0;
				PRODUCT_BUNDLE_IDENTIFIER = app.profk.MeetPeople;
				PRODUCT_NAME = "$(TARGET_NAME)";
				SWIFT_EMIT_LOC_STRINGS = YES;
				SWIFT_VERSION = 5.0;
				TARGETED_DEVICE_FAMILY = "1,2";
			};
			name = Release;
		};
/* End XCBuildConfiguration section */

/* Begin XCConfigurationList section */
		7287172328EB4B0600BD3AC0 /* Build configuration list for PBXProject "MeetPeople" */ = {
			isa = XCConfigurationList;
			buildConfigurations = (
				7287173428EB4B0900BD3AC0 /* Debug */,
				7287173528EB4B0900BD3AC0 /* Release */,
			);
			defaultConfigurationIsVisible = 0;
			defaultConfigurationName = Release;
		};
		7287173628EB4B0900BD3AC0 /* Build configuration list for PBXNativeTarget "MeetPeople" */ = {
			isa = XCConfigurationList;
			buildConfigurations = (
				7287173728EB4B0900BD3AC0 /* Debug */,
				7287173828EB4B0900BD3AC0 /* Release */,
			);
			defaultConfigurationIsVisible = 0;
			defaultConfigurationName = Release;
		};
/* End XCConfigurationList section */
	};
	rootObject = 7287172028EB4B0600BD3AC0 /* Project object */;
}
